
Microsoft Visual Studio Solution File, Format Version 12.00
# Visual Studio Version 16
VisualStudioVersion = 16.0.31205.134
MinimumVisualStudioVersion = 10.0.40219.1
Project("{8BC9CEB8-8B4A-11D0-8D11-00A0C91BC942}") = "0622Cpp", "0622Cpp\0622Cpp.vcxproj", "{2EFE5923-00AD-46F4-B83D-578831A2F609}"
EndProject
Project("{8BC9CEB8-8B4A-11D0-8D11-00A0C91BC942}") = "06_Template", "06_Template\06_Template.vcxproj", "{EBAB2440-09C6-45F2-A7AE-DBFEA5165163}"
EndProject
Global
	GlobalSection(SolutionConfigurationPlatforms) = preSolution
		Debug|x64 = Debug|x64
		Debug|x86 = Debug|x86
		Release|x64 = Release|x64
		Release|x86 = Release|x86
	EndGlobalSection
	GlobalSection(ProjectConfigurationPlatforms) = postSolution
		{2EFE5923-00AD-46F4-B83D-578831A2F609}.Debug|x64.ActiveCfg = Debug|x64
		{2EFE5923-00AD-46F4-B83D-578831A2F609}.Debug|x64.Build.0 = Debug|x64
		{2EFE5923-00AD-46F4-B83D-578831A2F609}.Debug|x86.ActiveCfg = Debug|Win32
		{2EFE5923-00AD-46F4-B83D-578831A2F609}.Debug|x86.Build.0 = Debug|Win32
		{2EFE5923-00AD-46F4-B83D-578831A2F609}.Release|x64.ActiveCfg = Release|x64
		{2EFE5923-00AD-46F4-B83D-578831A2F609}.Release|x64.Build.0 = Release|x64
		{2EFE5923-00AD-46F4-B83D-578831A2F609}.Release|x86.ActiveCfg = Release|Win32
		{2EFE5923-00AD-46F4-B83D-578831A2F609}.Release|x86.Build.0 = Release|Win32
		{EBAB2440-09C6-45F2-A7AE-DBFEA5165163}.Debug|x64.ActiveCfg = Debug|x64
		{EBAB2440-09C6-45F2-A7AE-DBFEA5165163}.Debug|x64.Build.0 = Debug|x64
		{EBAB2440-09C6-45F2-A7AE-DBFEA5165163}.Debug|x86.ActiveCfg = Debug|Win32
		{EBAB2440-09C6-45F2-A7AE-DBFEA5165163}.Debug|x86.Build.0 = Debug|Win32
		{EBAB2440-09C6-45F2-A7AE-DBFEA5165163}.Release|x64.ActiveCfg = Release|x64
		{EBAB2440-09C6-45F2-A7AE-DBFEA5165163}.Release|x64.Build.0 = Release|x64
		{EBAB2440-09C6-45F2-A7AE-DBFEA5165163}.Release|x86.ActiveCfg = Release|Win32
		{EBAB2440-09C6-45F2-A7AE-DBFEA5165163}.Release|x86.Build.0 = Release|Win32
	EndGlobalSection
	GlobalSection(SolutionProperties) = preSolution
		HideSolutionNode = FALSE
	EndGlobalSection
	GlobalSection(ExtensibilityGlobals) = postSolution
		SolutionGuid = {EB5694C8-367F-4D4F-9777-9CD3D298D383}
	EndGlobalSection
EndGlobal
